{
  "name": "assets",
  "lockfileVersion": 2,
  "requires": true,
  "packages": {
    "": {
      "dependencies": {
        "easymde": "^2.18.0"
      }
    },
    "node_modules/@types/codemirror": {
      "version": "5.60.7",
      "resolved": "https://registry.npmjs.org/@types/codemirror/-/codemirror-5.60.7.tgz",
      "integrity": "sha512-QXIC+RPzt/1BGSuD6iFn6UMC9TDp+9hkOANYNPVsjjrDdzKphfRkwQDKGp2YaC54Yhz0g6P5uYTCCibZZEiMAA==",
      "dependencies": {
        "@types/tern": "*"
      }
    },
    "node_modules/@types/estree": {
      "version": "1.0.0",
      "resolved": "https://registry.npmjs.org/@types/estree/-/estree-1.0.0.tgz",
      "integrity": "sha512-WulqXMDUTYAXCjZnk6JtIHPigp55cVtDgDrO2gHRwhyJto21+1zbVCtOYB2L1F9w4qCQ0rOGWBnBe0FNTiEJIQ=="
    },
    "node_modules/@types/marked": {
      "version": "4.0.8",
      "resolved": "https://registry.npmjs.org/@types/marked/-/marked-4.0.8.tgz",
      "integrity": "sha512-HVNzMT5QlWCOdeuBsgXP8EZzKUf0+AXzN+sLmjvaB3ZlLqO+e4u0uXrdw9ub69wBKFs+c6/pA4r9sy6cCDvImw=="
    },
    "node_modules/@types/tern": {
      "version": "0.23.4",
      "resolved": "https://registry.npmjs.org/@types/tern/-/tern-0.23.4.tgz",
      "integrity": "sha512-JAUw1iXGO1qaWwEOzxTKJZ/5JxVeON9kvGZ/osgZaJImBnyjyn0cjovPsf6FNLmyGY8Vw9DoXZCMlfMkMwHRWg==",
      "dependencies": {
        "@types/estree": "*"
      }
    },
    "node_modules/codemirror": {
      "version": "5.65.12",
      "resolved": "https://registry.npmjs.org/codemirror/-/codemirror-5.65.12.tgz",
      "integrity": "sha512-z2jlHBocElRnPYysN2HAuhXbO3DNB0bcSKmNz3hcWR2Js2Dkhc1bEOxG93Z3DeUrnm+qx56XOY5wQmbP5KY0sw=="
    },
    "node_modules/codemirror-spell-checker": {
      "version": "1.1.2",
      "resolved": "https://registry.npmjs.org/codemirror-spell-checker/-/codemirror-spell-checker-1.1.2.tgz",
      "integrity": "sha512-2Tl6n0v+GJRsC9K3MLCdLaMOmvWL0uukajNJseorZJsslaxZyZMgENocPU8R0DyoTAiKsyqiemSOZo7kjGV0LQ==",
      "dependencies": {
        "typo-js": "*"
      }
    },
    "node_modules/easymde": {
      "version": "2.18.0",
      "resolved": "https://registry.npmjs.org/easymde/-/easymde-2.18.0.tgz",
      "integrity": "sha512-IxVVUxNWIoXLeqtBU4BLc+eS/ScYhT1Dcb6yF5Wchoj1iXAV+TIIDWx+NCaZhY7RcSHqDPKllbYq7nwGKILnoA==",
      "dependencies": {
        "@types/codemirror": "^5.60.4",
        "@types/marked": "^4.0.7",
        "codemirror": "^5.63.1",
        "codemirror-spell-checker": "1.1.2",
        "marked": "^4.1.0"
      }
    },
    "node_modules/marked": {
      "version": "4.3.0",
      "resolved": "https://registry.npmjs.org/marked/-/marked-4.3.0.tgz",
      "integrity": "sha512-PRsaiG84bK+AMvxziE/lCFss8juXjNaWzVbN5tXAm4XjeaS9NAHhop+PjQxz2A9h8Q4M/xGmzP8vqNwy6JeK0A==",
      "bin": {
        "marked": "bin/marked.js"
      },
      "engines": {
        "node": ">= 12"
      }
    },
    "node_modules/typo-js": {
      "version": "1.2.2",
      "resolved": "https://registry.npmjs.org/typo-js/-/typo-js-1.2.2.tgz",
      "integrity": "sha512-C7pYBQK17EjSg8tVNY91KHdUt5Nf6FMJ+c3js076quPmBML57PmNMzAcIq/2kf/hSYtFABNDIYNYlJRl5BJhGw=="
    }
  },
  "dependencies": {
    "@types/codemirror": {
      "version": "5.60.7",
      "resolved": "https://registry.npmjs.org/@types/codemirror/-/codemirror-5.60.7.tgz",
      "integrity": "sha512-QXIC+RPzt/1BGSuD6iFn6UMC9TDp+9hkOANYNPVsjjrDdzKphfRkwQDKGp2YaC54Yhz0g6P5uYTCCibZZEiMAA==",
      "requires": {
        "@types/tern": "*"
      }
    },
    "@types/estree": {
      "version": "1.0.0",
      "resolved": "https://registry.npmjs.org/@types/estree/-/estree-1.0.0.tgz",
      "integrity": "sha512-WulqXMDUTYAXCjZnk6JtIHPigp55cVtDgDrO2gHRwhyJto21+1zbVCtOYB2L1F9w4qCQ0rOGWBnBe0FNTiEJIQ=="
    },
    "@types/marked": {
      "version": "4.0.8",
      "resolved": "https://registry.npmjs.org/@types/marked/-/marked-4.0.8.tgz",
      "integrity": "sha512-HVNzMT5QlWCOdeuBsgXP8EZzKUf0+AXzN+sLmjvaB3ZlLqO+e4u0uXrdw9ub69wBKFs+c6/pA4r9sy6cCDvImw=="
    },
    "@types/tern": {
      "version": "0.23.4",
      "resolved": "https://registry.npmjs.org/@types/tern/-/tern-0.23.4.tgz",
      "integrity": "sha512-JAUw1iXGO1qaWwEOzxTKJZ/5JxVeON9kvGZ/osgZaJImBnyjyn0cjovPsf6FNLmyGY8Vw9DoXZCMlfMkMwHRWg==",
      "requires": {
        "@types/estree": "*"
      }
    },
    "codemirror": {
      "version": "5.65.12",
      "resolved": "https://registry.npmjs.org/codemirror/-/codemirror-5.65.12.tgz",
      "integrity": "sha512-z2jlHBocElRnPYysN2HAuhXbO3DNB0bcSKmNz3hcWR2Js2Dkhc1bEOxG93Z3DeUrnm+qx56XOY5wQmbP5KY0sw=="
    },
    "codemirror-spell-checker": {
      "version": "1.1.2",
      "resolved": "https://registry.npmjs.org/codemirror-spell-checker/-/codemirror-spell-checker-1.1.2.tgz",
      "integrity": "sha512-2Tl6n0v+GJRsC9K3MLCdLaMOmvWL0uukajNJseorZJsslaxZyZMgENocPU8R0DyoTAiKsyqiemSOZo7kjGV0LQ==",
      "requires": {
        "typo-js": "*"
      }
    },
    "easymde": {
      "version": "2.18.0",
      "resolved": "https://registry.npmjs.org/easymde/-/easymde-2.18.0.tgz",
      "integrity": "sha512-IxVVUxNWIoXLeqtBU4BLc+eS/ScYhT1Dcb6yF5Wchoj1iXAV+TIIDWx+NCaZhY7RcSHqDPKllbYq7nwGKILnoA==",
      "requires": {
        "@types/codemirror": "^5.60.4",
        "@types/marked": "^4.0.7",
        "codemirror": "^5.63.1",
        "codemirror-spell-checker": "1.1.2",
        "marked": "^4.1.0"
      }
    },
    "marked": {
      "version": "4.3.0",
      "resolved": "https://registry.npmjs.org/marked/-/marked-4.3.0.tgz",
      "integrity": "sha512-PRsaiG84bK+AMvxziE/lCFss8juXjNaWzVbN5tXAm4XjeaS9NAHhop+PjQxz2A9h8Q4M/xGmzP8vqNwy6JeK0A=="
    },
    "typo-js": {
      "version": "1.2.2",
      "resolved": "https://registry.npmjs.org/typo-js/-/typo-js-1.2.2.tgz",
      "integrity": "sha512-C7pYBQK17EjSg8tVNY91KHdUt5Nf6FMJ+c3js076quPmBML57PmNMzAcIq/2kf/hSYtFABNDIYNYlJRl5BJhGw=="
    }
  }
}
